
Microsoft Visual Studio Solution File, Format Version 12.00
# Visual Studio Version 17
VisualStudioVersion = 17.11.35222.181
MinimumVisualStudioVersion = 10.0.40219.1
Project("{FAE04EC0-301F-11D3-BF4B-00C04F79EFBC}") = "Investimento.Worker", "Investimento.Worker\Investimento.Worker.csproj", "{9CD4A4CF-18F3-40AF-B15F-FCB358801405}"
EndProject
Global
	GlobalSection(SolutionConfigurationPlatforms) = preSolution
		Debug|Any CPU = Debug|Any CPU
		Release|Any CPU = Release|Any CPU
	EndGlobalSection
	GlobalSection(ProjectConfigurationPlatforms) = postSolution
		{9CD4A4CF-18F3-40AF-B15F-FCB358801405}.Debug|Any CPU.ActiveCfg = Debug|Any CPU
		{9CD4A4CF-18F3-40AF-B15F-FCB358801405}.Debug|Any CPU.Build.0 = Debug|Any CPU
		{9CD4A4CF-18F3-40AF-B15F-FCB358801405}.Release|Any CPU.ActiveCfg = Release|Any CPU
		{9CD4A4CF-18F3-40AF-B15F-FCB358801405}.Release|Any CPU.Build.0 = Release|Any CPU
	EndGlobalSection
	GlobalSection(SolutionProperties) = preSolution
		HideSolutionNode = FALSE
	EndGlobalSection
	GlobalSection(ExtensibilityGlobals) = postSolution
		SolutionGuid = {4D0DDBE9-B816-459C-93DB-F8FF1F0444FE}
	EndGlobalSection
EndGlobal
